
Microsoft Visual Studio Solution File, Format Version 12.00
# Visual Studio 2012
Project("{FAE04EC0-301F-11D3-BF4B-00C04F79EFBC}") = "Problem2", "Problem2\Problem2.csproj", "{B8E8E18C-6BD2-4FCB-BF8A-C29CAA54CE7B}"
EndProject
Global
	GlobalSection(SolutionConfigurationPlatforms) = preSolution
		Debug|Any CPU = Debug|Any CPU
		Release|Any CPU = Release|Any CPU
	EndGlobalSection
	GlobalSection(ProjectConfigurationPlatforms) = postSolution
		{B8E8E18C-6BD2-4FCB-BF8A-C29CAA54CE7B}.Debug|Any CPU.ActiveCfg = Debug|Any CPU
		{B8E8E18C-6BD2-4FCB-BF8A-C29CAA54CE7B}.Debug|Any CPU.Build.0 = Debug|Any CPU
		{B8E8E18C-6BD2-4FCB-BF8A-C29CAA54CE7B}.Release|Any CPU.ActiveCfg = Release|Any CPU
		{B8E8E18C-6BD2-4FCB-BF8A-C29CAA54CE7B}.Release|Any CPU.Build.0 = Release|Any CPU
	EndGlobalSection
	GlobalSection(SolutionProperties) = preSolution
		HideSolutionNode = FALSE
	EndGlobalSection
EndGlobal
