
Microsoft Visual Studio Solution File, Format Version 12.00
# Visual Studio 2012
Project("{FAE04EC0-301F-11D3-BF4B-00C04F79EFBC}") = "Problem14", "Problem14\Problem14.csproj", "{1F7F6B2C-DC92-433D-8FCF-8D70B18C4129}"
EndProject
Global
	GlobalSection(SolutionConfigurationPlatforms) = preSolution
		Debug|Any CPU = Debug|Any CPU
		Release|Any CPU = Release|Any CPU
	EndGlobalSection
	GlobalSection(ProjectConfigurationPlatforms) = postSolution
		{1F7F6B2C-DC92-433D-8FCF-8D70B18C4129}.Debug|Any CPU.ActiveCfg = Debug|Any CPU
		{1F7F6B2C-DC92-433D-8FCF-8D70B18C4129}.Debug|Any CPU.Build.0 = Debug|Any CPU
		{1F7F6B2C-DC92-433D-8FCF-8D70B18C4129}.Release|Any CPU.ActiveCfg = Release|Any CPU
		{1F7F6B2C-DC92-433D-8FCF-8D70B18C4129}.Release|Any CPU.Build.0 = Release|Any CPU
	EndGlobalSection
	GlobalSection(SolutionProperties) = preSolution
		HideSolutionNode = FALSE
	EndGlobalSection
EndGlobal
