
Microsoft Visual Studio Solution File, Format Version 12.00
# Visual Studio 2012
Project("{FAE04EC0-301F-11D3-BF4B-00C04F79EFBC}") = "Problem20", "Problem20\Problem20.csproj", "{31F59AD0-DBA5-4B09-9934-24268CB08A57}"
EndProject
Global
	GlobalSection(SolutionConfigurationPlatforms) = preSolution
		Debug|Any CPU = Debug|Any CPU
		Release|Any CPU = Release|Any CPU
	EndGlobalSection
	GlobalSection(ProjectConfigurationPlatforms) = postSolution
		{31F59AD0-DBA5-4B09-9934-24268CB08A57}.Debug|Any CPU.ActiveCfg = Debug|Any CPU
		{31F59AD0-DBA5-4B09-9934-24268CB08A57}.Debug|Any CPU.Build.0 = Debug|Any CPU
		{31F59AD0-DBA5-4B09-9934-24268CB08A57}.Release|Any CPU.ActiveCfg = Release|Any CPU
		{31F59AD0-DBA5-4B09-9934-24268CB08A57}.Release|Any CPU.Build.0 = Release|Any CPU
	EndGlobalSection
	GlobalSection(SolutionProperties) = preSolution
		HideSolutionNode = FALSE
	EndGlobalSection
EndGlobal
