
Microsoft Visual Studio Solution File, Format Version 12.00
# Visual Studio 2012
Project("{FAE04EC0-301F-11D3-BF4B-00C04F79EFBC}") = "Problem13", "Problem13\Problem13.csproj", "{6FAFAA84-6581-4CA2-838A-1B8CA6A45BD9}"
EndProject
Global
	GlobalSection(SolutionConfigurationPlatforms) = preSolution
		Debug|Any CPU = Debug|Any CPU
		Release|Any CPU = Release|Any CPU
	EndGlobalSection
	GlobalSection(ProjectConfigurationPlatforms) = postSolution
		{6FAFAA84-6581-4CA2-838A-1B8CA6A45BD9}.Debug|Any CPU.ActiveCfg = Debug|Any CPU
		{6FAFAA84-6581-4CA2-838A-1B8CA6A45BD9}.Debug|Any CPU.Build.0 = Debug|Any CPU
		{6FAFAA84-6581-4CA2-838A-1B8CA6A45BD9}.Release|Any CPU.ActiveCfg = Release|Any CPU
		{6FAFAA84-6581-4CA2-838A-1B8CA6A45BD9}.Release|Any CPU.Build.0 = Release|Any CPU
	EndGlobalSection
	GlobalSection(SolutionProperties) = preSolution
		HideSolutionNode = FALSE
	EndGlobalSection
EndGlobal
